
Microsoft Visual Studio Solution File, Format Version 12.00
# Visual Studio Version 17
VisualStudioVersion = 17.2.32630.192
MinimumVisualStudioVersion = 10.0.40219.1
Project("{FAE04EC0-301F-11D3-BF4B-00C04F79EFBC}") = "Hangman", "Hangman.csproj", "{FB790B30-0B77-4A14-87EE-95C081DD5A5F}"
EndProject
Global
	GlobalSection(SolutionConfigurationPlatforms) = preSolution
		Debug|Any CPU = Debug|Any CPU
		Release|Any CPU = Release|Any CPU
	EndGlobalSection
	GlobalSection(ProjectConfigurationPlatforms) = postSolution
		{FB790B30-0B77-4A14-87EE-95C081DD5A5F}.Debug|Any CPU.ActiveCfg = Debug|Any CPU
		{FB790B30-0B77-4A14-87EE-95C081DD5A5F}.Debug|Any CPU.Build.0 = Debug|Any CPU
		{FB790B30-0B77-4A14-87EE-95C081DD5A5F}.Release|Any CPU.ActiveCfg = Release|Any CPU
		{FB790B30-0B77-4A14-87EE-95C081DD5A5F}.Release|Any CPU.Build.0 = Release|Any CPU
	EndGlobalSection
	GlobalSection(SolutionProperties) = preSolution
		HideSolutionNode = FALSE
	EndGlobalSection
	GlobalSection(ExtensibilityGlobals) = postSolution
		SolutionGuid = {C4C112DD-AAC9-4395-8575-CF9FE2CA579C}
	EndGlobalSection
EndGlobal
